
Microsoft Visual Studio Solution File, Format Version 12.00
# Visual Studio Version 17
VisualStudioVersion = 17.1.32228.430
MinimumVisualStudioVersion = 10.0.40219.1
Project("{2150E333-8FDC-42A3-9474-1A3956D46DE8}") = "src", "src", "{853D25C8-B776-4B62-B868-9937C0B2C81D}"
EndProject
Project("{FAE04EC0-301F-11D3-BF4B-00C04F79EFBC}") = "RocketCorp.SqlDb.DevOps.DbUp", "src\RocketCorp.SqlDb.DevOps.DbUp\RocketCorp.SqlDb.DevOps.DbUp.csproj", "{34C446E6-BE2D-4457-8160-A414457CE900}"
EndProject
Project("{00D1A9C2-B5F0-4AF3-8072-F6C62B433612}") = "RocketCorp.SqlDb.DevOps.SqlServerDataTools", "src\RocketCorp.SqlDb.DevOps.SqlServerDataTools\RocketCorp.SqlDb.DevOps.SqlServerDataTools.sqlproj", "{057F51C6-9D58-43D2-A2B1-6D8B6D5EE5B1}"
EndProject
Global
	GlobalSection(SolutionConfigurationPlatforms) = preSolution
		Debug|Any CPU = Debug|Any CPU
		Release|Any CPU = Release|Any CPU
	EndGlobalSection
	GlobalSection(ProjectConfigurationPlatforms) = postSolution
		{34C446E6-BE2D-4457-8160-A414457CE900}.Debug|Any CPU.ActiveCfg = Debug|Any CPU
		{34C446E6-BE2D-4457-8160-A414457CE900}.Debug|Any CPU.Build.0 = Debug|Any CPU
		{34C446E6-BE2D-4457-8160-A414457CE900}.Release|Any CPU.ActiveCfg = Release|Any CPU
		{34C446E6-BE2D-4457-8160-A414457CE900}.Release|Any CPU.Build.0 = Release|Any CPU
		{057F51C6-9D58-43D2-A2B1-6D8B6D5EE5B1}.Debug|Any CPU.ActiveCfg = Debug|Any CPU
		{057F51C6-9D58-43D2-A2B1-6D8B6D5EE5B1}.Debug|Any CPU.Build.0 = Debug|Any CPU
		{057F51C6-9D58-43D2-A2B1-6D8B6D5EE5B1}.Debug|Any CPU.Deploy.0 = Debug|Any CPU
		{057F51C6-9D58-43D2-A2B1-6D8B6D5EE5B1}.Release|Any CPU.ActiveCfg = Release|Any CPU
		{057F51C6-9D58-43D2-A2B1-6D8B6D5EE5B1}.Release|Any CPU.Build.0 = Release|Any CPU
		{057F51C6-9D58-43D2-A2B1-6D8B6D5EE5B1}.Release|Any CPU.Deploy.0 = Release|Any CPU
	EndGlobalSection
	GlobalSection(SolutionProperties) = preSolution
		HideSolutionNode = FALSE
	EndGlobalSection
	GlobalSection(NestedProjects) = preSolution
		{34C446E6-BE2D-4457-8160-A414457CE900} = {853D25C8-B776-4B62-B868-9937C0B2C81D}
		{057F51C6-9D58-43D2-A2B1-6D8B6D5EE5B1} = {853D25C8-B776-4B62-B868-9937C0B2C81D}
	EndGlobalSection
	GlobalSection(ExtensibilityGlobals) = postSolution
		SolutionGuid = {09FA224B-1224-4461-9969-4A3F707A7B7D}
	EndGlobalSection
EndGlobal
